
Microsoft Visual Studio Solution File, Format Version 12.00
# Visual Studio 15
VisualStudioVersion = 15.0.27703.2026
MinimumVisualStudioVersion = 10.0.40219.1
Project("{FAE04EC0-301F-11D3-BF4B-00C04F79EFBC}") = "MyTest1", "MyTest1.csproj", "{F097835D-289E-4897-9DB5-E90F7A00A9FF}"
EndProject
Global
	GlobalSection(SolutionConfigurationPlatforms) = preSolution
		Debug|Any CPU = Debug|Any CPU
		Release|Any CPU = Release|Any CPU
	EndGlobalSection
	GlobalSection(ProjectConfigurationPlatforms) = postSolution
		{F097835D-289E-4897-9DB5-E90F7A00A9FF}.Debug|Any CPU.ActiveCfg = Debug|Any CPU
		{F097835D-289E-4897-9DB5-E90F7A00A9FF}.Debug|Any CPU.Build.0 = Debug|Any CPU
		{F097835D-289E-4897-9DB5-E90F7A00A9FF}.Release|Any CPU.ActiveCfg = Release|Any CPU
		{F097835D-289E-4897-9DB5-E90F7A00A9FF}.Release|Any CPU.Build.0 = Release|Any CPU
	EndGlobalSection
	GlobalSection(SolutionProperties) = preSolution
		HideSolutionNode = FALSE
	EndGlobalSection
	GlobalSection(ExtensibilityGlobals) = postSolution
		SolutionGuid = {FE93967D-1ECC-44F6-912E-633B472F4719}
	EndGlobalSection
EndGlobal
